// !$*UTF8*$!
{
	archiveVersion = 1;
	classes = {
	};
	objectVersion = 46;
	objects = {

/* Begin PBXBuildFile section */
		084126611DFC826700461052 /* UINavigationController+ToolBar.swift in Sources */ = {isa = PBXBuildFile; fileRef = 084126601DFC826700461052 /* UINavigationController+ToolBar.swift */; };
		084126631DFC834E00461052 /* AudioPlayer.swift in Sources */ = {isa = PBXBuildFile; fileRef = 084126621DFC834E00461052 /* AudioPlayer.swift */; };
		08A309C11DFA34060049ED37 /* AppDelegate.swift in Sources */ = {isa = PBXBuildFile; fileRef = 08A309C01DFA34060049ED37 /* AppDelegate.swift */; };
		08A309C81DFA34060049ED37 /* Assets.xcassets in Resources */ = {isa = PBXBuildFile; fileRef = 08A309C71DFA34060049ED37 /* Assets.xcassets */; };
		08A309CB1DFA34060049ED37 /* LaunchScreen.storyboard in Resources */ = {isa = PBXBuildFile; fileRef = 08A309C91DFA34060049ED37 /* LaunchScreen.storyboard */; };
		08A309D61DFA34060049ED37 /* LDLTests.swift in Sources */ = {isa = PBXBuildFile; fileRef = 08A309D51DFA34060049ED37 /* LDLTests.swift */; };
		08A309E11DFA372C0049ED37 /* StoriesTableViewCell.swift in Sources */ = {isa = PBXBuildFile; fileRef = 08A309E01DFA372C0049ED37 /* StoriesTableViewCell.swift */; };
		08A309E31DFA38EE0049ED37 /* StoriesViewController.swift in Sources */ = {isa = PBXBuildFile; fileRef = 08A309E21DFA38EE0049ED37 /* StoriesViewController.swift */; };
		08A309E51DFA9DEA0049ED37 /* StoryViewController.swift in Sources */ = {isa = PBXBuildFile; fileRef = 08A309E41DFA9DEA0049ED37 /* StoryViewController.swift */; };
		08E4AC3A1DFD5BD40043DD63 /* PDFViewerController.swift in Sources */ = {isa = PBXBuildFile; fileRef = 08E4AC391DFD5BD40043DD63 /* PDFViewerController.swift */; };
		08E536311DFC6C3D001BDD2D /* StoryTableViewCell.swift in Sources */ = {isa = PBXBuildFile; fileRef = 08E536301DFC6C3D001BDD2D /* StoryTableViewCell.swift */; };
		08E536331DFC735A001BDD2D /* Story.swift in Sources */ = {isa = PBXBuildFile; fileRef = 08E536321DFC735A001BDD2D /* Story.swift */; };
		08FCEC011DFE12E700D02325 /* PaddedProgressView.swift in Sources */ = {isa = PBXBuildFile; fileRef = 08FCEC001DFE12E700D02325 /* PaddedProgressView.swift */; };
/* End PBXBuildFile section */

/* Begin PBXContainerItemProxy section */
		08A309D21DFA34060049ED37 /* PBXContainerItemProxy */ = {
			isa = PBXContainerItemProxy;
			containerPortal = 08A309B51DFA34050049ED37 /* Project object */;
			proxyType = 1;
			remoteGlobalIDString = 08A309BC1DFA34060049ED37;
			remoteInfo = LDL;
		};
/* End PBXContainerItemProxy section */

/* Begin PBXFileReference section */
		084126601DFC826700461052 /* UINavigationController+ToolBar.swift */ = {isa = PBXFileReference; fileEncoding = 4; lastKnownFileType = sourcecode.swift; path = "UINavigationController+ToolBar.swift"; sourceTree = "<group>"; };
		084126621DFC834E00461052 /* AudioPlayer.swift */ = {isa = PBXFileReference; fileEncoding = 4; lastKnownFileType = sourcecode.swift; path = AudioPlayer.swift; sourceTree = "<group>"; };
		08A309BD1DFA34060049ED37 /* LDL.app */ = {isa = PBXFileReference; explicitFileType = wrapper.application; includeInIndex = 0; path = LDL.app; sourceTree = BUILT_PRODUCTS_DIR; };
		08A309C01DFA34060049ED37 /* AppDelegate.swift */ = {isa = PBXFileReference; lastKnownFileType = sourcecode.swift; path = AppDelegate.swift; sourceTree = "<group>"; };
		08A309C71DFA34060049ED37 /* Assets.xcassets */ = {isa = PBXFileReference; lastKnownFileType = folder.assetcatalog; path = Assets.xcassets; sourceTree = "<group>"; };
		08A309CA1DFA34060049ED37 /* Base */ = {isa = PBXFileReference; lastKnownFileType = file.storyboard; name = Base; path = Base.lproj/LaunchScreen.storyboard; sourceTree = "<group>"; };
		08A309CC1DFA34060049ED37 /* Info.plist */ = {isa = PBXFileReference; lastKnownFileType = text.plist.xml; path = Info.plist; sourceTree = "<group>"; };
		08A309D11DFA34060049ED37 /* LDLTests.xctest */ = {isa = PBXFileReference; explicitFileType = wrapper.cfbundle; includeInIndex = 0; path = LDLTests.xctest; sourceTree = BUILT_PRODUCTS_DIR; };
		08A309D51DFA34060049ED37 /* LDLTests.swift */ = {isa = PBXFileReference; lastKnownFileType = sourcecode.swift; path = LDLTests.swift; sourceTree = "<group>"; };
		08A309D71DFA34060049ED37 /* Info.plist */ = {isa = PBXFileReference; lastKnownFileType = text.plist.xml; path = Info.plist; sourceTree = "<group>"; };
		08A309E01DFA372C0049ED37 /* StoriesTableViewCell.swift */ = {isa = PBXFileReference; fileEncoding = 4; lastKnownFileType = sourcecode.swift; path = StoriesTableViewCell.swift; sourceTree = "<group>"; };
		08A309E21DFA38EE0049ED37 /* StoriesViewController.swift */ = {isa = PBXFileReference; fileEncoding = 4; lastKnownFileType = sourcecode.swift; path = StoriesViewController.swift; sourceTree = "<group>"; };
		08A309E41DFA9DEA0049ED37 /* StoryViewController.swift */ = {isa = PBXFileReference; fileEncoding = 4; lastKnownFileType = sourcecode.swift; path = StoryViewController.swift; sourceTree = "<group>"; };
		08E4AC391DFD5BD40043DD63 /* PDFViewerController.swift */ = {isa = PBXFileReference; fileEncoding = 4; lastKnownFileType = sourcecode.swift; path = PDFViewerController.swift; sourceTree = "<group>"; };
		08E4AC3B1DFDC8500043DD63 /* TODO.md */ = {isa = PBXFileReference; fileEncoding = 4; lastKnownFileType = net.daringfireball.markdown; path = TODO.md; sourceTree = SOURCE_ROOT; };
		08E4AC3E1DFDC9DC0043DD63 /* README.md */ = {isa = PBXFileReference; fileEncoding = 4; lastKnownFileType = net.daringfireball.markdown; path = README.md; sourceTree = SOURCE_ROOT; };
		08E536301DFC6C3D001BDD2D /* StoryTableViewCell.swift */ = {isa = PBXFileReference; fileEncoding = 4; lastKnownFileType = sourcecode.swift; path = StoryTableViewCell.swift; sourceTree = "<group>"; };
		08E536321DFC735A001BDD2D /* Story.swift */ = {isa = PBXFileReference; fileEncoding = 4; lastKnownFileType = sourcecode.swift; path = Story.swift; sourceTree = "<group>"; };
		08FCEC001DFE12E700D02325 /* PaddedProgressView.swift */ = {isa = PBXFileReference; fileEncoding = 4; lastKnownFileType = sourcecode.swift; path = PaddedProgressView.swift; sourceTree = "<group>"; };
/* End PBXFileReference section */

/* Begin PBXFrameworksBuildPhase section */
		08A309BA1DFA34060049ED37 /* Frameworks */ = {
			isa = PBXFrameworksBuildPhase;
			buildActionMask = 2147483647;
			files = (
			);
			runOnlyForDeploymentPostprocessing = 0;
		};
		08A309CE1DFA34060049ED37 /* Frameworks */ = {
			isa = PBXFrameworksBuildPhase;
			buildActionMask = 2147483647;
			files = (
			);
			runOnlyForDeploymentPostprocessing = 0;
		};
/* End PBXFrameworksBuildPhase section */

/* Begin PBXGroup section */
		08A309B41DFA34050049ED37 = {
			isa = PBXGroup;
			children = (
				08E4AC3D1DFDC9C40043DD63 /* Support */,
				08A309BF1DFA34060049ED37 /* LDL */,
				08A309D41DFA34060049ED37 /* LDLTests */,
				08A309BE1DFA34060049ED37 /* Products */,
			);
			sourceTree = "<group>";
		};
		08A309BE1DFA34060049ED37 /* Products */ = {
			isa = PBXGroup;
			children = (
				08A309BD1DFA34060049ED37 /* LDL.app */,
				08A309D11DFA34060049ED37 /* LDLTests.xctest */,
			);
			name = Products;
			sourceTree = "<group>";
		};
		08A309BF1DFA34060049ED37 /* LDL */ = {
			isa = PBXGroup;
			children = (
				08A309C01DFA34060049ED37 /* AppDelegate.swift */,
				08A309E21DFA38EE0049ED37 /* StoriesViewController.swift */,
				08A309E01DFA372C0049ED37 /* StoriesTableViewCell.swift */,
				08A309C71DFA34060049ED37 /* Assets.xcassets */,
				08A309C91DFA34060049ED37 /* LaunchScreen.storyboard */,
				08A309CC1DFA34060049ED37 /* Info.plist */,
				08A309E41DFA9DEA0049ED37 /* StoryViewController.swift */,
				08E536301DFC6C3D001BDD2D /* StoryTableViewCell.swift */,
				08E536321DFC735A001BDD2D /* Story.swift */,
				084126601DFC826700461052 /* UINavigationController+ToolBar.swift */,
				084126621DFC834E00461052 /* AudioPlayer.swift */,
				08E4AC391DFD5BD40043DD63 /* PDFViewerController.swift */,
				08FCEC001DFE12E700D02325 /* PaddedProgressView.swift */,
			);
			path = LDL;
			sourceTree = "<group>";
		};
		08A309D41DFA34060049ED37 /* LDLTests */ = {
			isa = PBXGroup;
			children = (
				08A309D51DFA34060049ED37 /* LDLTests.swift */,
				08A309D71DFA34060049ED37 /* Info.plist */,
			);
			path = LDLTests;
			sourceTree = "<group>";
		};
		08E4AC3D1DFDC9C40043DD63 /* Support */ = {
			isa = PBXGroup;
			children = (
				08E4AC3B1DFDC8500043DD63 /* TODO.md */,
				08E4AC3E1DFDC9DC0043DD63 /* README.md */,
			);
			name = Support;
			sourceTree = "<group>";
		};
/* End PBXGroup section */

/* Begin PBXNativeTarget section */
		08A309BC1DFA34060049ED37 /* LDL */ = {
			isa = PBXNativeTarget;
			buildConfigurationList = 08A309DA1DFA34060049ED37 /* Build configuration list for PBXNativeTarget "LDL" */;
			buildPhases = (
				08A309B91DFA34060049ED37 /* Sources */,
				08A309BA1DFA34060049ED37 /* Frameworks */,
				08A309BB1DFA34060049ED37 /* Resources */,
			);
			buildRules = (
			);
			dependencies = (
			);
			name = LDL;
			productName = LDL;
			productReference = 08A309BD1DFA34060049ED37 /* LDL.app */;
			productType = "com.apple.product-type.application";
		};
		08A309D01DFA34060049ED37 /* LDLTests */ = {
			isa = PBXNativeTarget;
			buildConfigurationList = 08A309DD1DFA34060049ED37 /* Build configuration list for PBXNativeTarget "LDLTests" */;
			buildPhases = (
				08A309CD1DFA34060049ED37 /* Sources */,
				08A309CE1DFA34060049ED37 /* Frameworks */,
				08A309CF1DFA34060049ED37 /* Resources */,
			);
			buildRules = (
			);
			dependencies = (
				08A309D31DFA34060049ED37 /* PBXTargetDependency */,
			);
			name = LDLTests;
			productName = LDLTests;
			productReference = 08A309D11DFA34060049ED37 /* LDLTests.xctest */;
			productType = "com.apple.product-type.bundle.unit-test";
		};
/* End PBXNativeTarget section */

/* Begin PBXProject section */
		08A309B51DFA34050049ED37 /* Project object */ = {
			isa = PBXProject;
			attributes = {
				LastSwiftUpdateCheck = 0810;
				LastUpgradeCheck = 0810;
				ORGANIZATIONNAME = "Bryan Summersett";
				TargetAttributes = {
					08A309BC1DFA34060049ED37 = {
						CreatedOnToolsVersion = 8.1;
						DevelopmentTeam = DT4RU7HS47;
						ProvisioningStyle = Automatic;
					};
					08A309D01DFA34060049ED37 = {
						CreatedOnToolsVersion = 8.1;
						DevelopmentTeam = DT4RU7HS47;
						ProvisioningStyle = Automatic;
						TestTargetID = 08A309BC1DFA34060049ED37;
					};
				};
			};
			buildConfigurationList = 08A309B81DFA34060049ED37 /* Build configuration list for PBXProject "LDL" */;
			compatibilityVersion = "Xcode 3.2";
			developmentRegion = English;
			hasScannedForEncodings = 0;
			knownRegions = (
				en,
				Base,
			);
			mainGroup = 08A309B41DFA34050049ED37;
			productRefGroup = 08A309BE1DFA34060049ED37 /* Products */;
			projectDirPath = "";
			projectRoot = "";
			targets = (
				08A309BC1DFA34060049ED37 /* LDL */,
				08A309D01DFA34060049ED37 /* LDLTests */,
			);
		};
/* End PBXProject section */

/* Begin PBXResourcesBuildPhase section */
		08A309BB1DFA34060049ED37 /* Resources */ = {
			isa = PBXResourcesBuildPhase;
			buildActionMask = 2147483647;
			files = (
				08A309CB1DFA34060049ED37 /* LaunchScreen.storyboard in Resources */,
				08A309C81DFA34060049ED37 /* Assets.xcassets in Resources */,
			);
			runOnlyForDeploymentPostprocessing = 0;
		};
		08A309CF1DFA34060049ED37 /* Resources */ = {
			isa = PBXResourcesBuildPhase;
			buildActionMask = 2147483647;
			files = (
			);
			runOnlyForDeploymentPostprocessing = 0;
		};
/* End PBXResourcesBuildPhase section */

/* Begin PBXSourcesBuildPhase section */
		08A309B91DFA34060049ED37 /* Sources */ = {
			isa = PBXSourcesBuildPhase;
			buildActionMask = 2147483647;
			files = (
				08E536331DFC735A001BDD2D /* Story.swift in Sources */,
				08A309E51DFA9DEA0049ED37 /* StoryViewController.swift in Sources */,
				08A309E31DFA38EE0049ED37 /* StoriesViewController.swift in Sources */,
				08E4AC3A1DFD5BD40043DD63 /* PDFViewerController.swift in Sources */,
				084126631DFC834E00461052 /* AudioPlayer.swift in Sources */,
				08A309C11DFA34060049ED37 /* AppDelegate.swift in Sources */,
				08A309E11DFA372C0049ED37 /* StoriesTableViewCell.swift in Sources */,
				08FCEC011DFE12E700D02325 /* PaddedProgressView.swift in Sources */,
				08E536311DFC6C3D001BDD2D /* StoryTableViewCell.swift in Sources */,
				084126611DFC826700461052 /* UINavigationController+ToolBar.swift in Sources */,
			);
			runOnlyForDeploymentPostprocessing = 0;
		};
		08A309CD1DFA34060049ED37 /* Sources */ = {
			isa = PBXSourcesBuildPhase;
			buildActionMask = 2147483647;
			files = (
				08A309D61DFA34060049ED37 /* LDLTests.swift in Sources */,
			);
			runOnlyForDeploymentPostprocessing = 0;
		};
/* End PBXSourcesBuildPhase section */

/* Begin PBXTargetDependency section */
		08A309D31DFA34060049ED37 /* PBXTargetDependency */ = {
			isa = PBXTargetDependency;
			target = 08A309BC1DFA34060049ED37 /* LDL */;
			targetProxy = 08A309D21DFA34060049ED37 /* PBXContainerItemProxy */;
		};
/* End PBXTargetDependency section */

/* Begin PBXVariantGroup section */
		08A309C91DFA34060049ED37 /* LaunchScreen.storyboard */ = {
			isa = PBXVariantGroup;
			children = (
				08A309CA1DFA34060049ED37 /* Base */,
			);
			name = LaunchScreen.storyboard;
			sourceTree = "<group>";
		};
/* End PBXVariantGroup section */

/* Begin XCBuildConfiguration section */
		08A309D81DFA34060049ED37 /* Debug */ = {
			isa = XCBuildConfiguration;
			buildSettings = {
				ALWAYS_SEARCH_USER_PATHS = NO;
				CLANG_ANALYZER_NONNULL = YES;
				CLANG_CXX_LANGUAGE_STANDARD = "gnu++0x";
				CLANG_CXX_LIBRARY = "libc++";
				CLANG_ENABLE_MODULES = YES;
				CLANG_ENABLE_OBJC_ARC = YES;
				CLANG_WARN_BOOL_CONVERSION = YES;
				CLANG_WARN_CONSTANT_CONVERSION = YES;
				CLANG_WARN_DIRECT_OBJC_ISA_USAGE = YES_ERROR;
				CLANG_WARN_DOCUMENTATION_COMMENTS = YES;
				CLANG_WARN_EMPTY_BODY = YES;
				CLANG_WARN_ENUM_CONVERSION = YES;
				CLANG_WARN_INFINITE_RECURSION = YES;
				CLANG_WARN_INT_CONVERSION = YES;
				CLANG_WARN_OBJC_ROOT_CLASS = YES_ERROR;
				CLANG_WARN_SUSPICIOUS_MOVES = YES;
				CLANG_WARN_UNREACHABLE_CODE = YES;
				CLANG_WARN__DUPLICATE_METHOD_MATCH = YES;
				"CODE_SIGN_IDENTITY[sdk=iphoneos*]" = "iPhone Developer";
				COPY_PHASE_STRIP = NO;
				DEBUG_INFORMATION_FORMAT = dwarf;
				ENABLE_STRICT_OBJC_MSGSEND = YES;
				ENABLE_TESTABILITY = YES;
				GCC_C_LANGUAGE_STANDARD = gnu99;
				GCC_DYNAMIC_NO_PIC = NO;
				GCC_NO_COMMON_BLOCKS = YES;
				GCC_OPTIMIZATION_LEVEL = 0;
				GCC_PREPROCESSOR_DEFINITIONS = (
					"DEBUG=1",
					"$(inherited)",
				);
				GCC_WARN_64_TO_32_BIT_CONVERSION = YES;
				GCC_WARN_ABOUT_RETURN_TYPE = YES_ERROR;
				GCC_WARN_UNDECLARED_SELECTOR = YES;
				GCC_WARN_UNINITIALIZED_AUTOS = YES_AGGRESSIVE;
				GCC_WARN_UNUSED_FUNCTION = YES;
				GCC_WARN_UNUSED_VARIABLE = YES;
				IPHONEOS_DEPLOYMENT_TARGET = 10.1;
				MTL_ENABLE_DEBUG_INFO = YES;
				ONLY_ACTIVE_ARCH = YES;
				SDKROOT = iphoneos;
				SWIFT_ACTIVE_COMPILATION_CONDITIONS = DEBUG;
				SWIFT_OPTIMIZATION_LEVEL = "-Onone";
			};
			name = Debug;
		};
		08A309D91DFA34060049ED37 /* Release */ = {
			isa = XCBuildConfiguration;
			buildSettings = {
				ALWAYS_SEARCH_USER_PATHS = NO;
				CLANG_ANALYZER_NONNULL = YES;
				CLANG_CXX_LANGUAGE_STANDARD = "gnu++0x";
				CLANG_CXX_LIBRARY = "libc++";
				CLANG_ENABLE_MODULES = YES;
				CLANG_ENABLE_OBJC_ARC = YES;
				CLANG_WARN_BOOL_CONVERSION = YES;
				CLANG_WARN_CONSTANT_CONVERSION = YES;
				CLANG_WARN_DIRECT_OBJC_ISA_USAGE = YES_ERROR;
				CLANG_WARN_DOCUMENTATION_COMMENTS = YES;
				CLANG_WARN_EMPTY_BODY = YES;
				CLANG_WARN_ENUM_CONVERSION = YES;
				CLANG_WARN_INFINITE_RECURSION = YES;
				CLANG_WARN_INT_CONVERSION = YES;
				CLANG_WARN_OBJC_ROOT_CLASS = YES_ERROR;
				CLANG_WARN_SUSPICIOUS_MOVES = YES;
				CLANG_WARN_UNREACHABLE_CODE = YES;
				CLANG_WARN__DUPLICATE_METHOD_MATCH = YES;
				"CODE_SIGN_IDENTITY[sdk=iphoneos*]" = "iPhone Developer";
				COPY_PHASE_STRIP = NO;
				DEBUG_INFORMATION_FORMAT = "dwarf-with-dsym";
				ENABLE_NS_ASSERTIONS = NO;
				ENABLE_STRICT_OBJC_MSGSEND = YES;
				GCC_C_LANGUAGE_STANDARD = gnu99;
				GCC_NO_COMMON_BLOCKS = YES;
				GCC_WARN_64_TO_32_BIT_CONVERSION = YES;
				GCC_WARN_ABOUT_RETURN_TYPE = YES_ERROR;
				GCC_WARN_UNDECLARED_SELECTOR = YES;
				GCC_WARN_UNINITIALIZED_AUTOS = YES_AGGRESSIVE;
				GCC_WARN_UNUSED_FUNCTION = YES;
				GCC_WARN_UNUSED_VARIABLE = YES;
				IPHONEOS_DEPLOYMENT_TARGET = 10.1;
				MTL_ENABLE_DEBUG_INFO = NO;
				SDKROOT = iphoneos;
				SWIFT_OPTIMIZATION_LEVEL = "-Owholemodule";
				VALIDATE_PRODUCT = YES;
			};
			name = Release;
		};
		08A309DB1DFA34060049ED37 /* Debug */ = {
			isa = XCBuildConfiguration;
			buildSettings = {
				ASSETCATALOG_COMPILER_APPICON_NAME = AppIcon;
				DEVELOPMENT_TEAM = DT4RU7HS47;
				INFOPLIST_FILE = LDL/Info.plist;
				LD_RUNPATH_SEARCH_PATHS = "$(inherited) @executable_path/Frameworks";
				PRODUCT_BUNDLE_IDENTIFIER = net.bsumm.LDL;
				PRODUCT_NAME = "$(TARGET_NAME)";
				SWIFT_VERSION = 3.0;
			};
			name = Debug;
		};
		08A309DC1DFA34060049ED37 /* Release */ = {
			isa = XCBuildConfiguration;
			buildSettings = {
				ASSETCATALOG_COMPILER_APPICON_NAME = AppIcon;
				DEVELOPMENT_TEAM = DT4RU7HS47;
				INFOPLIST_FILE = LDL/Info.plist;
				LD_RUNPATH_SEARCH_PATHS = "$(inherited) @executable_path/Frameworks";
				PRODUCT_BUNDLE_IDENTIFIER = net.bsumm.LDL;
				PRODUCT_NAME = "$(TARGET_NAME)";
				SWIFT_VERSION = 3.0;
			};
			name = Release;
		};
		08A309DE1DFA34060049ED37 /* Debug */ = {
			isa = XCBuildConfiguration;
			buildSettings = {
				ALWAYS_EMBED_SWIFT_STANDARD_LIBRARIES = YES;
				BUNDLE_LOADER = "$(TEST_HOST)";
				DEVELOPMENT_TEAM = DT4RU7HS47;
				INFOPLIST_FILE = LDLTests/Info.plist;
				LD_RUNPATH_SEARCH_PATHS = "$(inherited) @executable_path/Frameworks @loader_path/Frameworks";
				PRODUCT_BUNDLE_IDENTIFIER = net.bsumm.LDLTests;
				PRODUCT_NAME = "$(TARGET_NAME)";
				SWIFT_VERSION = 3.0;
				TEST_HOST = "$(BUILT_PRODUCTS_DIR)/LDL.app/LDL";
			};
			name = Debug;
		};
		08A309DF1DFA34060049ED37 /* Release */ = {
			isa = XCBuildConfiguration;
			buildSettings = {
				ALWAYS_EMBED_SWIFT_STANDARD_LIBRARIES = YES;
				BUNDLE_LOADER = "$(TEST_HOST)";
				DEVELOPMENT_TEAM = DT4RU7HS47;
				INFOPLIST_FILE = LDLTests/Info.plist;
				LD_RUNPATH_SEARCH_PATHS = "$(inherited) @executable_path/Frameworks @loader_path/Frameworks";
				PRODUCT_BUNDLE_IDENTIFIER = net.bsumm.LDLTests;
				PRODUCT_NAME = "$(TARGET_NAME)";
				SWIFT_VERSION = 3.0;
				TEST_HOST = "$(BUILT_PRODUCTS_DIR)/LDL.app/LDL";
			};
			name = Release;
		};
/* End XCBuildConfiguration section */

/* Begin XCConfigurationList section */
		08A309B81DFA34060049ED37 /* Build configuration list for PBXProject "LDL" */ = {
			isa = XCConfigurationList;
			buildConfigurations = (
				08A309D81DFA34060049ED37 /* Debug */,
				08A309D91DFA34060049ED37 /* Release */,
			);
			defaultConfigurationIsVisible = 0;
			defaultConfigurationName = Release;
		};
		08A309DA1DFA34060049ED37 /* Build configuration list for PBXNativeTarget "LDL" */ = {
			isa = XCConfigurationList;
			buildConfigurations = (
				08A309DB1DFA34060049ED37 /* Debug */,
				08A309DC1DFA34060049ED37 /* Release */,
			);
			defaultConfigurationIsVisible = 0;
			defaultConfigurationName = Release;
		};
		08A309DD1DFA34060049ED37 /* Build configuration list for PBXNativeTarget "LDLTests" */ = {
			isa = XCConfigurationList;
			buildConfigurations = (
				08A309DE1DFA34060049ED37 /* Debug */,
				08A309DF1DFA34060049ED37 /* Release */,
			);
			defaultConfigurationIsVisible = 0;
			defaultConfigurationName = Release;
		};
/* End XCConfigurationList section */
	};
	rootObject = 08A309B51DFA34050049ED37 /* Project object */;
}
